
Microsoft Visual Studio Solution File, Format Version 12.00
# Visual Studio Version 17
VisualStudioVersion = 17.14.36623.8 d17.14
MinimumVisualStudioVersion = 10.0.40219.1
Project("{2150E333-8FDC-42A3-9474-1A3956D46DE8}") = "Solution Items", "Solution Items", "{8EC462FD-D22E-90A8-E5CE-7E832BA40C5D}"
	ProjectSection(SolutionItems) = preProject
		.gitignore = .gitignore
	EndProjectSection
EndProject
Project("{FAE04EC0-301F-11D3-BF4B-00C04F79EFBC}") = "Task1", "Task1\Task1.csproj", "{B8FD2C70-0818-4D75-A6C8-51E13F06FA14}"
EndProject
Project("{FAE04EC0-301F-11D3-BF4B-00C04F79EFBC}") = "Task 2", "Task 2\Task 2.csproj", "{A5410D0C-3934-46DD-B846-7A6576EA05DD}"
EndProject
Project("{FAE04EC0-301F-11D3-BF4B-00C04F79EFBC}") = "Task 3", "Task 3\Task 3.csproj", "{B5E1A775-66B7-47C8-9BC2-019E971740E9}"
EndProject
Global
	GlobalSection(SolutionConfigurationPlatforms) = preSolution
		Debug|Any CPU = Debug|Any CPU
		Release|Any CPU = Release|Any CPU
	EndGlobalSection
	GlobalSection(ProjectConfigurationPlatforms) = postSolution
		{B8FD2C70-0818-4D75-A6C8-51E13F06FA14}.Debug|Any CPU.ActiveCfg = Debug|Any CPU
		{B8FD2C70-0818-4D75-A6C8-51E13F06FA14}.Debug|Any CPU.Build.0 = Debug|Any CPU
		{B8FD2C70-0818-4D75-A6C8-51E13F06FA14}.Release|Any CPU.ActiveCfg = Release|Any CPU
		{B8FD2C70-0818-4D75-A6C8-51E13F06FA14}.Release|Any CPU.Build.0 = Release|Any CPU
		{A5410D0C-3934-46DD-B846-7A6576EA05DD}.Debug|Any CPU.ActiveCfg = Debug|Any CPU
		{A5410D0C-3934-46DD-B846-7A6576EA05DD}.Debug|Any CPU.Build.0 = Debug|Any CPU
		{A5410D0C-3934-46DD-B846-7A6576EA05DD}.Release|Any CPU.ActiveCfg = Release|Any CPU
		{A5410D0C-3934-46DD-B846-7A6576EA05DD}.Release|Any CPU.Build.0 = Release|Any CPU
		{B5E1A775-66B7-47C8-9BC2-019E971740E9}.Debug|Any CPU.ActiveCfg = Debug|Any CPU
		{B5E1A775-66B7-47C8-9BC2-019E971740E9}.Debug|Any CPU.Build.0 = Debug|Any CPU
		{B5E1A775-66B7-47C8-9BC2-019E971740E9}.Release|Any CPU.ActiveCfg = Release|Any CPU
		{B5E1A775-66B7-47C8-9BC2-019E971740E9}.Release|Any CPU.Build.0 = Release|Any CPU
	EndGlobalSection
	GlobalSection(SolutionProperties) = preSolution
		HideSolutionNode = FALSE
	EndGlobalSection
	GlobalSection(ExtensibilityGlobals) = postSolution
		SolutionGuid = {7A727854-3136-455E-A4AD-57F879C2BD97}
	EndGlobalSection
EndGlobal
